// !$*UTF8*$!
{
	archiveVersion = 1;
	classes = {
	};
	objectVersion = 46;
	objects = {

/* Begin PBXBuildFile section */
		8921CF4F17848D1400F15887 /* UIKit.framework in Frameworks */ = {isa = PBXBuildFile; fileRef = 8921CF4E17848D1400F15887 /* UIKit.framework */; };
		8921CF5117848D1400F15887 /* Foundation.framework in Frameworks */ = {isa = PBXBuildFile; fileRef = 8921CF5017848D1400F15887 /* Foundation.framework */; };
		8921CF5317848D1400F15887 /* CoreGraphics.framework in Frameworks */ = {isa = PBXBuildFile; fileRef = 8921CF5217848D1400F15887 /* CoreGraphics.framework */; };
		8921CF5917848D1400F15887 /* InfoPlist.strings in Resources */ = {isa = PBXBuildFile; fileRef = 8921CF5717848D1400F15887 /* InfoPlist.strings */; };
		8921CF5B17848D1400F15887 /* main.m in Sources */ = {isa = PBXBuildFile; fileRef = 8921CF5A17848D1400F15887 /* main.m */; };
		8921CF5F17848D1500F15887 /* AppDelegate.m in Sources */ = {isa = PBXBuildFile; fileRef = 8921CF5E17848D1500F15887 /* AppDelegate.m */; };
		8921CF6117848D1500F15887 /* Default.png in Resources */ = {isa = PBXBuildFile; fileRef = 8921CF6017848D1500F15887 /* Default.png */; };
		8921CF6317848D1500F15887 /* Default@2x.png in Resources */ = {isa = PBXBuildFile; fileRef = 8921CF6217848D1500F15887 /* Default@2x.png */; };
		8921CF6517848D1500F15887 /* Default-568h@2x.png in Resources */ = {isa = PBXBuildFile; fileRef = 8921CF6417848D1500F15887 /* Default-568h@2x.png */; };
		8921CF6817848D1500F15887 /* MainStoryboard.storyboard in Resources */ = {isa = PBXBuildFile; fileRef = 8921CF6617848D1500F15887 /* MainStoryboard.storyboard */; };
		8921CF6B17848D1500F15887 /* HomeViewController.m in Sources */ = {isa = PBXBuildFile; fileRef = 8921CF6A17848D1500F15887 /* HomeViewController.m */; };
		898687F717849170003B54FF /* FacebookSDK.framework in Frameworks */ = {isa = PBXBuildFile; fileRef = 898687F617849170003B54FF /* FacebookSDK.framework */; };
		898687F9178491A7003B54FF /* FacebookSDKResources.bundle in Resources */ = {isa = PBXBuildFile; fileRef = 898687F8178491A7003B54FF /* FacebookSDKResources.bundle */; };
		898687FB178491DD003B54FF /* Accounts.framework in Frameworks */ = {isa = PBXBuildFile; fileRef = 898687FA178491DD003B54FF /* Accounts.framework */; };
		898687FD178491E1003B54FF /* AdSupport.framework in Frameworks */ = {isa = PBXBuildFile; fileRef = 898687FC178491E1003B54FF /* AdSupport.framework */; };
		898687FF178491EA003B54FF /* libsqlite3.dylib in Frameworks */ = {isa = PBXBuildFile; fileRef = 898687FE178491EA003B54FF /* libsqlite3.dylib */; };
		89868801178491F0003B54FF /* Security.framework in Frameworks */ = {isa = PBXBuildFile; fileRef = 89868800178491F0003B54FF /* Security.framework */; };
		89868803178491F4003B54FF /* Social.framework in Frameworks */ = {isa = PBXBuildFile; fileRef = 89868802178491F4003B54FF /* Social.framework */; };
		89FFA8D717908B6C0039E3BB /* LoginViewController.m in Sources */ = {isa = PBXBuildFile; fileRef = 89FFA8D617908B6C0039E3BB /* LoginViewController.m */; };
		89FFA8D9179090430039E3BB /* LoginView.xib in Resources */ = {isa = PBXBuildFile; fileRef = 89FFA8D8179090430039E3BB /* LoginView.xib */; };
		89FFA8DC1790910F0039E3BB /* login_background_photo.jpg in Resources */ = {isa = PBXBuildFile; fileRef = 89FFA8DB1790910F0039E3BB /* login_background_photo.jpg */; };
		89FFA8E3179092180039E3BB /* champagne_limousines.ttf in Resources */ = {isa = PBXBuildFile; fileRef = 89FFA8DE179092180039E3BB /* champagne_limousines.ttf */; };
		89FFA8E4179092180039E3BB /* champagne_limousines_bold.ttf in Resources */ = {isa = PBXBuildFile; fileRef = 89FFA8DF179092180039E3BB /* champagne_limousines_bold.ttf */; };
		89FFA8E5179092180039E3BB /* champagne_limousines_bold_italic.ttf in Resources */ = {isa = PBXBuildFile; fileRef = 89FFA8E0179092180039E3BB /* champagne_limousines_bold_italic.ttf */; };
		89FFA8E6179092180039E3BB /* champagne_limousines_italic.ttf in Resources */ = {isa = PBXBuildFile; fileRef = 89FFA8E1179092180039E3BB /* champagne_limousines_italic.ttf */; };
		89FFA8E7179092180039E3BB /* coolvetica.ttf in Resources */ = {isa = PBXBuildFile; fileRef = 89FFA8E2179092180039E3BB /* coolvetica.ttf */; };
/* End PBXBuildFile section */

/* Begin PBXFileReference section */
		8921CF4B17848D1400F15887 /* Hang.app */ = {isa = PBXFileReference; explicitFileType = wrapper.application; includeInIndex = 0; path = Hang.app; sourceTree = BUILT_PRODUCTS_DIR; };
		8921CF4E17848D1400F15887 /* UIKit.framework */ = {isa = PBXFileReference; lastKnownFileType = wrapper.framework; name = UIKit.framework; path = System/Library/Frameworks/UIKit.framework; sourceTree = SDKROOT; };
		8921CF5017848D1400F15887 /* Foundation.framework */ = {isa = PBXFileReference; lastKnownFileType = wrapper.framework; name = Foundation.framework; path = System/Library/Frameworks/Foundation.framework; sourceTree = SDKROOT; };
		8921CF5217848D1400F15887 /* CoreGraphics.framework */ = {isa = PBXFileReference; lastKnownFileType = wrapper.framework; name = CoreGraphics.framework; path = System/Library/Frameworks/CoreGraphics.framework; sourceTree = SDKROOT; };
		8921CF5617848D1400F15887 /* Hang-Info.plist */ = {isa = PBXFileReference; lastKnownFileType = text.plist.xml; path = "Hang-Info.plist"; sourceTree = "<group>"; };
		8921CF5817848D1400F15887 /* en */ = {isa = PBXFileReference; lastKnownFileType = text.plist.strings; name = en; path = en.lproj/InfoPlist.strings; sourceTree = "<group>"; };
		8921CF5A17848D1400F15887 /* main.m */ = {isa = PBXFileReference; lastKnownFileType = sourcecode.c.objc; path = main.m; sourceTree = "<group>"; };
		8921CF5C17848D1500F15887 /* Hang-Prefix.pch */ = {isa = PBXFileReference; lastKnownFileType = sourcecode.c.h; path = "Hang-Prefix.pch"; sourceTree = "<group>"; };
		8921CF5D17848D1500F15887 /* AppDelegate.h */ = {isa = PBXFileReference; lastKnownFileType = sourcecode.c.h; path = AppDelegate.h; sourceTree = "<group>"; };
		8921CF5E17848D1500F15887 /* AppDelegate.m */ = {isa = PBXFileReference; lastKnownFileType = sourcecode.c.objc; path = AppDelegate.m; sourceTree = "<group>"; };
		8921CF6017848D1500F15887 /* Default.png */ = {isa = PBXFileReference; lastKnownFileType = image.png; path = Default.png; sourceTree = "<group>"; };
		8921CF6217848D1500F15887 /* Default@2x.png */ = {isa = PBXFileReference; lastKnownFileType = image.png; path = "Default@2x.png"; sourceTree = "<group>"; };
		8921CF6417848D1500F15887 /* Default-568h@2x.png */ = {isa = PBXFileReference; lastKnownFileType = image.png; path = "Default-568h@2x.png"; sourceTree = "<group>"; };
		8921CF6717848D1500F15887 /* en */ = {isa = PBXFileReference; lastKnownFileType = file.storyboard; name = en; path = en.lproj/MainStoryboard.storyboard; sourceTree = "<group>"; };
		8921CF6917848D1500F15887 /* HomeViewController.h */ = {isa = PBXFileReference; lastKnownFileType = sourcecode.c.h; path = HomeViewController.h; sourceTree = "<group>"; };
		8921CF6A17848D1500F15887 /* HomeViewController.m */ = {isa = PBXFileReference; lastKnownFileType = sourcecode.c.objc; path = HomeViewController.m; sourceTree = "<group>"; };
		898687F617849170003B54FF /* FacebookSDK.framework */ = {isa = PBXFileReference; lastKnownFileType = wrapper.framework; path = FacebookSDK.framework; sourceTree = "<group>"; };
		898687F8178491A7003B54FF /* FacebookSDKResources.bundle */ = {isa = PBXFileReference; lastKnownFileType = "wrapper.plug-in"; path = FacebookSDKResources.bundle; sourceTree = "<group>"; };
		898687FA178491DD003B54FF /* Accounts.framework */ = {isa = PBXFileReference; lastKnownFileType = wrapper.framework; name = Accounts.framework; path = System/Library/Frameworks/Accounts.framework; sourceTree = SDKROOT; };
		898687FC178491E1003B54FF /* AdSupport.framework */ = {isa = PBXFileReference; lastKnownFileType = wrapper.framework; name = AdSupport.framework; path = System/Library/Frameworks/AdSupport.framework; sourceTree = SDKROOT; };
		898687FE178491EA003B54FF /* libsqlite3.dylib */ = {isa = PBXFileReference; lastKnownFileType = "compiled.mach-o.dylib"; name = libsqlite3.dylib; path = usr/lib/libsqlite3.dylib; sourceTree = SDKROOT; };
		89868800178491F0003B54FF /* Security.framework */ = {isa = PBXFileReference; lastKnownFileType = wrapper.framework; name = Security.framework; path = System/Library/Frameworks/Security.framework; sourceTree = SDKROOT; };
		89868802178491F4003B54FF /* Social.framework */ = {isa = PBXFileReference; lastKnownFileType = wrapper.framework; name = Social.framework; path = System/Library/Frameworks/Social.framework; sourceTree = SDKROOT; };
		89FFA8D517908B6C0039E3BB /* LoginViewController.h */ = {isa = PBXFileReference; fileEncoding = 4; lastKnownFileType = sourcecode.c.h; path = LoginViewController.h; sourceTree = "<group>"; };
		89FFA8D617908B6C0039E3BB /* LoginViewController.m */ = {isa = PBXFileReference; fileEncoding = 4; lastKnownFileType = sourcecode.c.objc; path = LoginViewController.m; sourceTree = "<group>"; };
		89FFA8D8179090430039E3BB /* LoginView.xib */ = {isa = PBXFileReference; fileEncoding = 4; lastKnownFileType = file.xib; path = LoginView.xib; sourceTree = "<group>"; };
		89FFA8DB1790910F0039E3BB /* login_background_photo.jpg */ = {isa = PBXFileReference; lastKnownFileType = image.jpeg; path = login_background_photo.jpg; sourceTree = "<group>"; };
		89FFA8DE179092180039E3BB /* champagne_limousines.ttf */ = {isa = PBXFileReference; lastKnownFileType = file; path = champagne_limousines.ttf; sourceTree = "<group>"; };
		89FFA8DF179092180039E3BB /* champagne_limousines_bold.ttf */ = {isa = PBXFileReference; lastKnownFileType = file; path = champagne_limousines_bold.ttf; sourceTree = "<group>"; };
		89FFA8E0179092180039E3BB /* champagne_limousines_bold_italic.ttf */ = {isa = PBXFileReference; lastKnownFileType = file; path = champagne_limousines_bold_italic.ttf; sourceTree = "<group>"; };
		89FFA8E1179092180039E3BB /* champagne_limousines_italic.ttf */ = {isa = PBXFileReference; lastKnownFileType = file; path = champagne_limousines_italic.ttf; sourceTree = "<group>"; };
		89FFA8E2179092180039E3BB /* coolvetica.ttf */ = {isa = PBXFileReference; lastKnownFileType = file; path = coolvetica.ttf; sourceTree = "<group>"; };
/* End PBXFileReference section */

/* Begin PBXFrameworksBuildPhase section */
		8921CF4817848D1400F15887 /* Frameworks */ = {
			isa = PBXFrameworksBuildPhase;
			buildActionMask = 2147483647;
			files = (
				89868803178491F4003B54FF /* Social.framework in Frameworks */,
				89868801178491F0003B54FF /* Security.framework in Frameworks */,
				898687FF178491EA003B54FF /* libsqlite3.dylib in Frameworks */,
				898687FD178491E1003B54FF /* AdSupport.framework in Frameworks */,
				898687FB178491DD003B54FF /* Accounts.framework in Frameworks */,
				8921CF4F17848D1400F15887 /* UIKit.framework in Frameworks */,
				8921CF5117848D1400F15887 /* Foundation.framework in Frameworks */,
				8921CF5317848D1400F15887 /* CoreGraphics.framework in Frameworks */,
				898687F717849170003B54FF /* FacebookSDK.framework in Frameworks */,
			);
			runOnlyForDeploymentPostprocessing = 0;
		};
/* End PBXFrameworksBuildPhase section */

/* Begin PBXGroup section */
		8921CF4217848D1400F15887 = {
			isa = PBXGroup;
			children = (
				8921CF5417848D1400F15887 /* Hang */,
				8921CF4D17848D1400F15887 /* Frameworks */,
				8921CF4C17848D1400F15887 /* Products */,
			);
			sourceTree = "<group>";
		};
		8921CF4C17848D1400F15887 /* Products */ = {
			isa = PBXGroup;
			children = (
				8921CF4B17848D1400F15887 /* Hang.app */,
			);
			name = Products;
			sourceTree = "<group>";
		};
		8921CF4D17848D1400F15887 /* Frameworks */ = {
			isa = PBXGroup;
			children = (
				898687FA178491DD003B54FF /* Accounts.framework */,
				898687FC178491E1003B54FF /* AdSupport.framework */,
				8921CF5217848D1400F15887 /* CoreGraphics.framework */,
				898687F617849170003B54FF /* FacebookSDK.framework */,
				898687F8178491A7003B54FF /* FacebookSDKResources.bundle */,
				8921CF5017848D1400F15887 /* Foundation.framework */,
				898687FE178491EA003B54FF /* libsqlite3.dylib */,
				89868800178491F0003B54FF /* Security.framework */,
				89868802178491F4003B54FF /* Social.framework */,
				8921CF4E17848D1400F15887 /* UIKit.framework */,
			);
			name = Frameworks;
			sourceTree = "<group>";
		};
		8921CF5417848D1400F15887 /* Hang */ = {
			isa = PBXGroup;
			children = (
				8921CF5D17848D1500F15887 /* AppDelegate.h */,
				8921CF5E17848D1500F15887 /* AppDelegate.m */,
				8921CF6617848D1500F15887 /* MainStoryboard.storyboard */,
				89FFA8D8179090430039E3BB /* LoginView.xib */,
				8921CF6917848D1500F15887 /* HomeViewController.h */,
				8921CF6A17848D1500F15887 /* HomeViewController.m */,
				89FFA8D517908B6C0039E3BB /* LoginViewController.h */,
				89FFA8D617908B6C0039E3BB /* LoginViewController.m */,
				8921CF5517848D1400F15887 /* Supporting Files */,
			);
			path = Hang;
			sourceTree = "<group>";
		};
		8921CF5517848D1400F15887 /* Supporting Files */ = {
			isa = PBXGroup;
			children = (
				89FFA8DD179092180039E3BB /* fonts */,
				89FFA8DA1790910F0039E3BB /* images */,
				8921CF5617848D1400F15887 /* Hang-Info.plist */,
				8921CF5717848D1400F15887 /* InfoPlist.strings */,
				8921CF5A17848D1400F15887 /* main.m */,
				8921CF5C17848D1500F15887 /* Hang-Prefix.pch */,
				8921CF6017848D1500F15887 /* Default.png */,
				8921CF6217848D1500F15887 /* Default@2x.png */,
				8921CF6417848D1500F15887 /* Default-568h@2x.png */,
			);
			name = "Supporting Files";
			sourceTree = "<group>";
		};
		89FFA8DA1790910F0039E3BB /* images */ = {
			isa = PBXGroup;
			children = (
				89FFA8DB1790910F0039E3BB /* login_background_photo.jpg */,
			);
			path = images;
			sourceTree = "<group>";
		};
		89FFA8DD179092180039E3BB /* fonts */ = {
			isa = PBXGroup;
			children = (
				89FFA8DE179092180039E3BB /* champagne_limousines.ttf */,
				89FFA8DF179092180039E3BB /* champagne_limousines_bold.ttf */,
				89FFA8E0179092180039E3BB /* champagne_limousines_bold_italic.ttf */,
				89FFA8E1179092180039E3BB /* champagne_limousines_italic.ttf */,
				89FFA8E2179092180039E3BB /* coolvetica.ttf */,
			);
			path = fonts;
			sourceTree = "<group>";
		};
/* End PBXGroup section */

/* Begin PBXNativeTarget section */
		8921CF4A17848D1400F15887 /* Hang */ = {
			isa = PBXNativeTarget;
			buildConfigurationList = 8921CF6E17848D1500F15887 /* Build configuration list for PBXNativeTarget "Hang" */;
			buildPhases = (
				8921CF4717848D1400F15887 /* Sources */,
				8921CF4817848D1400F15887 /* Frameworks */,
				8921CF4917848D1400F15887 /* Resources */,
			);
			buildRules = (
			);
			dependencies = (
			);
			name = Hang;
			productName = Hang;
			productReference = 8921CF4B17848D1400F15887 /* Hang.app */;
			productType = "com.apple.product-type.application";
		};
/* End PBXNativeTarget section */

/* Begin PBXProject section */
		8921CF4317848D1400F15887 /* Project object */ = {
			isa = PBXProject;
			attributes = {
				LastUpgradeCheck = 0460;
				ORGANIZATIONNAME = Girum;
			};
			buildConfigurationList = 8921CF4617848D1400F15887 /* Build configuration list for PBXProject "Hang" */;
			compatibilityVersion = "Xcode 3.2";
			developmentRegion = English;
			hasScannedForEncodings = 0;
			knownRegions = (
				en,
			);
			mainGroup = 8921CF4217848D1400F15887;
			productRefGroup = 8921CF4C17848D1400F15887 /* Products */;
			projectDirPath = "";
			projectRoot = "";
			targets = (
				8921CF4A17848D1400F15887 /* Hang */,
			);
		};
/* End PBXProject section */

/* Begin PBXResourcesBuildPhase section */
		8921CF4917848D1400F15887 /* Resources */ = {
			isa = PBXResourcesBuildPhase;
			buildActionMask = 2147483647;
			files = (
				8921CF5917848D1400F15887 /* InfoPlist.strings in Resources */,
				8921CF6117848D1500F15887 /* Default.png in Resources */,
				8921CF6317848D1500F15887 /* Default@2x.png in Resources */,
				8921CF6517848D1500F15887 /* Default-568h@2x.png in Resources */,
				8921CF6817848D1500F15887 /* MainStoryboard.storyboard in Resources */,
				898687F9178491A7003B54FF /* FacebookSDKResources.bundle in Resources */,
				89FFA8D9179090430039E3BB /* LoginView.xib in Resources */,
				89FFA8DC1790910F0039E3BB /* login_background_photo.jpg in Resources */,
				89FFA8E3179092180039E3BB /* champagne_limousines.ttf in Resources */,
				89FFA8E4179092180039E3BB /* champagne_limousines_bold.ttf in Resources */,
				89FFA8E5179092180039E3BB /* champagne_limousines_bold_italic.ttf in Resources */,
				89FFA8E6179092180039E3BB /* champagne_limousines_italic.ttf in Resources */,
				89FFA8E7179092180039E3BB /* coolvetica.ttf in Resources */,
			);
			runOnlyForDeploymentPostprocessing = 0;
		};
/* End PBXResourcesBuildPhase section */

/* Begin PBXSourcesBuildPhase section */
		8921CF4717848D1400F15887 /* Sources */ = {
			isa = PBXSourcesBuildPhase;
			buildActionMask = 2147483647;
			files = (
				8921CF5B17848D1400F15887 /* main.m in Sources */,
				8921CF5F17848D1500F15887 /* AppDelegate.m in Sources */,
				8921CF6B17848D1500F15887 /* HomeViewController.m in Sources */,
				89FFA8D717908B6C0039E3BB /* LoginViewController.m in Sources */,
			);
			runOnlyForDeploymentPostprocessing = 0;
		};
/* End PBXSourcesBuildPhase section */

/* Begin PBXVariantGroup section */
		8921CF5717848D1400F15887 /* InfoPlist.strings */ = {
			isa = PBXVariantGroup;
			children = (
				8921CF5817848D1400F15887 /* en */,
			);
			name = InfoPlist.strings;
			sourceTree = "<group>";
		};
		8921CF6617848D1500F15887 /* MainStoryboard.storyboard */ = {
			isa = PBXVariantGroup;
			children = (
				8921CF6717848D1500F15887 /* en */,
			);
			name = MainStoryboard.storyboard;
			sourceTree = "<group>";
		};
/* End PBXVariantGroup section */

/* Begin XCBuildConfiguration section */
		8921CF6C17848D1500F15887 /* Debug */ = {
			isa = XCBuildConfiguration;
			buildSettings = {
				ALWAYS_SEARCH_USER_PATHS = NO;
				CLANG_CXX_LANGUAGE_STANDARD = "gnu++0x";
				CLANG_CXX_LIBRARY = "libc++";
				CLANG_ENABLE_OBJC_ARC = YES;
				CLANG_WARN_CONSTANT_CONVERSION = YES;
				CLANG_WARN_EMPTY_BODY = YES;
				CLANG_WARN_ENUM_CONVERSION = YES;
				CLANG_WARN_INT_CONVERSION = YES;
				CLANG_WARN__DUPLICATE_METHOD_MATCH = YES;
				"CODE_SIGN_IDENTITY[sdk=iphoneos*]" = "iPhone Developer";
				COPY_PHASE_STRIP = NO;
				GCC_C_LANGUAGE_STANDARD = gnu99;
				GCC_DYNAMIC_NO_PIC = NO;
				GCC_OPTIMIZATION_LEVEL = 0;
				GCC_PREPROCESSOR_DEFINITIONS = (
					"DEBUG=1",
					"$(inherited)",
				);
				GCC_SYMBOLS_PRIVATE_EXTERN = NO;
				GCC_WARN_ABOUT_RETURN_TYPE = YES;
				GCC_WARN_UNINITIALIZED_AUTOS = YES;
				GCC_WARN_UNUSED_VARIABLE = YES;
				IPHONEOS_DEPLOYMENT_TARGET = 6.1;
				ONLY_ACTIVE_ARCH = YES;
				SDKROOT = iphoneos;
			};
			name = Debug;
		};
		8921CF6D17848D1500F15887 /* Release */ = {
			isa = XCBuildConfiguration;
			buildSettings = {
				ALWAYS_SEARCH_USER_PATHS = NO;
				CLANG_CXX_LANGUAGE_STANDARD = "gnu++0x";
				CLANG_CXX_LIBRARY = "libc++";
				CLANG_ENABLE_OBJC_ARC = YES;
				CLANG_WARN_CONSTANT_CONVERSION = YES;
				CLANG_WARN_EMPTY_BODY = YES;
				CLANG_WARN_ENUM_CONVERSION = YES;
				CLANG_WARN_INT_CONVERSION = YES;
				CLANG_WARN__DUPLICATE_METHOD_MATCH = YES;
				"CODE_SIGN_IDENTITY[sdk=iphoneos*]" = "iPhone Developer";
				COPY_PHASE_STRIP = YES;
				GCC_C_LANGUAGE_STANDARD = gnu99;
				GCC_WARN_ABOUT_RETURN_TYPE = YES;
				GCC_WARN_UNINITIALIZED_AUTOS = YES;
				GCC_WARN_UNUSED_VARIABLE = YES;
				IPHONEOS_DEPLOYMENT_TARGET = 6.1;
				OTHER_CFLAGS = "-DNS_BLOCK_ASSERTIONS=1";
				SDKROOT = iphoneos;
				VALIDATE_PRODUCT = YES;
			};
			name = Release;
		};
		8921CF6F17848D1500F15887 /* Debug */ = {
			isa = XCBuildConfiguration;
			buildSettings = {
				FRAMEWORK_SEARCH_PATHS = (
					"$(inherited)",
					"\"$(SRCROOT)\"",
				);
				GCC_PRECOMPILE_PREFIX_HEADER = YES;
				GCC_PREFIX_HEADER = "Hang/Hang-Prefix.pch";
				INFOPLIST_FILE = "Hang/Hang-Info.plist";
				PRODUCT_NAME = "$(TARGET_NAME)";
				WRAPPER_EXTENSION = app;
			};
			name = Debug;
		};
		8921CF7017848D1500F15887 /* Release */ = {
			isa = XCBuildConfiguration;
			buildSettings = {
				FRAMEWORK_SEARCH_PATHS = (
					"$(inherited)",
					"\"$(SRCROOT)\"",
				);
				GCC_PRECOMPILE_PREFIX_HEADER = YES;
				GCC_PREFIX_HEADER = "Hang/Hang-Prefix.pch";
				INFOPLIST_FILE = "Hang/Hang-Info.plist";
				PRODUCT_NAME = "$(TARGET_NAME)";
				WRAPPER_EXTENSION = app;
			};
			name = Release;
		};
/* End XCBuildConfiguration section */

/* Begin XCConfigurationList section */
		8921CF4617848D1400F15887 /* Build configuration list for PBXProject "Hang" */ = {
			isa = XCConfigurationList;
			buildConfigurations = (
				8921CF6C17848D1500F15887 /* Debug */,
				8921CF6D17848D1500F15887 /* Release */,
			);
			defaultConfigurationIsVisible = 0;
			defaultConfigurationName = Release;
		};
		8921CF6E17848D1500F15887 /* Build configuration list for PBXNativeTarget "Hang" */ = {
			isa = XCConfigurationList;
			buildConfigurations = (
				8921CF6F17848D1500F15887 /* Debug */,
				8921CF7017848D1500F15887 /* Release */,
			);
			defaultConfigurationIsVisible = 0;
			defaultConfigurationName = Release;
		};
/* End XCConfigurationList section */
	};
	rootObject = 8921CF4317848D1400F15887 /* Project object */;
}
